// !$*UTF8*$!
{
	archiveVersion = 1;
	classes = {
	};
	objectVersion = 56;
	objects = {

/* Begin PBXBuildFile section */
		8A6E71CE2AB6E3B500E1A659 /* FileStoreManager.swift in Sources */ = {isa = PBXBuildFile; fileRef = 8A6E71CD2AB6E3B500E1A659 /* FileStoreManager.swift */; };
		8A6E71D02AB6E3E300E1A659 /* DefaultFileStoreManager.swift in Sources */ = {isa = PBXBuildFile; fileRef = 8A6E71CF2AB6E3E300E1A659 /* DefaultFileStoreManager.swift */; };
		8A7D54492AB5F40C00F85703 /* AppDelegate.swift in Sources */ = {isa = PBXBuildFile; fileRef = 8A7D54482AB5F40C00F85703 /* AppDelegate.swift */; };
		8A7D544B2AB5F40C00F85703 /* SceneDelegate.swift in Sources */ = {isa = PBXBuildFile; fileRef = 8A7D544A2AB5F40C00F85703 /* SceneDelegate.swift */; };
		8A7D544D2AB5F40C00F85703 /* ViewController.swift in Sources */ = {isa = PBXBuildFile; fileRef = 8A7D544C2AB5F40C00F85703 /* ViewController.swift */; };
		8A7D54502AB5F40C00F85703 /* Main.storyboard in Resources */ = {isa = PBXBuildFile; fileRef = 8A7D544E2AB5F40C00F85703 /* Main.storyboard */; };
		8A7D54522AB5F40C00F85703 /* Assets.xcassets in Resources */ = {isa = PBXBuildFile; fileRef = 8A7D54512AB5F40C00F85703 /* Assets.xcassets */; };
		8A7D54552AB5F40C00F85703 /* LaunchScreen.storyboard in Resources */ = {isa = PBXBuildFile; fileRef = 8A7D54532AB5F40C00F85703 /* LaunchScreen.storyboard */; };
		8AB96E182AB62B07009E4089 /* VideoCacheManager.swift in Sources */ = {isa = PBXBuildFile; fileRef = 8AB96E172AB62B07009E4089 /* VideoCacheManager.swift */; };
		8AB96E1A2AB62B2F009E4089 /* URLSessionVideoCacheManager.swift in Sources */ = {isa = PBXBuildFile; fileRef = 8AB96E192AB62B2F009E4089 /* URLSessionVideoCacheManager.swift */; };
		8AB96E1C2AB62C23009E4089 /* Router.swift in Sources */ = {isa = PBXBuildFile; fileRef = 8AB96E1B2AB62C23009E4089 /* Router.swift */; };
		8AB96E1E2AB62C41009E4089 /* DeepLinkRouter.swift in Sources */ = {isa = PBXBuildFile; fileRef = 8AB96E1D2AB62C41009E4089 /* DeepLinkRouter.swift */; };
		8AB96E202AB62C5B009E4089 /* DeepLinkManagerImpl.swift in Sources */ = {isa = PBXBuildFile; fileRef = 8AB96E1F2AB62C5B009E4089 /* DeepLinkManagerImpl.swift */; };
		8AB96E222AB62C7A009E4089 /* URL+Extension.swift in Sources */ = {isa = PBXBuildFile; fileRef = 8AB96E212AB62C7A009E4089 /* URL+Extension.swift */; };
		8AB96E282AB62D8A009E4089 /* DeepLinkManagerProtocol.swift in Sources */ = {isa = PBXBuildFile; fileRef = 8AB96E272AB62D8A009E4089 /* DeepLinkManagerProtocol.swift */; };
		8AB96E2A2AB62E8D009E4089 /* FileError.swift in Sources */ = {isa = PBXBuildFile; fileRef = 8AB96E292AB62E8D009E4089 /* FileError.swift */; };
/* End PBXBuildFile section */

/* Begin PBXFileReference section */
		8A6E71CD2AB6E3B500E1A659 /* FileStoreManager.swift */ = {isa = PBXFileReference; lastKnownFileType = sourcecode.swift; path = FileStoreManager.swift; sourceTree = "<group>"; };
		8A6E71CF2AB6E3E300E1A659 /* DefaultFileStoreManager.swift */ = {isa = PBXFileReference; lastKnownFileType = sourcecode.swift; path = DefaultFileStoreManager.swift; sourceTree = "<group>"; };
		8A7D54452AB5F40C00F85703 /* SampleTestApp.app */ = {isa = PBXFileReference; explicitFileType = wrapper.application; includeInIndex = 0; path = SampleTestApp.app; sourceTree = BUILT_PRODUCTS_DIR; };
		8A7D54482AB5F40C00F85703 /* AppDelegate.swift */ = {isa = PBXFileReference; lastKnownFileType = sourcecode.swift; path = AppDelegate.swift; sourceTree = "<group>"; };
		8A7D544A2AB5F40C00F85703 /* SceneDelegate.swift */ = {isa = PBXFileReference; lastKnownFileType = sourcecode.swift; path = SceneDelegate.swift; sourceTree = "<group>"; };
		8A7D544C2AB5F40C00F85703 /* ViewController.swift */ = {isa = PBXFileReference; lastKnownFileType = sourcecode.swift; path = ViewController.swift; sourceTree = "<group>"; };
		8A7D544F2AB5F40C00F85703 /* Base */ = {isa = PBXFileReference; lastKnownFileType = file.storyboard; name = Base; path = Base.lproj/Main.storyboard; sourceTree = "<group>"; };
		8A7D54512AB5F40C00F85703 /* Assets.xcassets */ = {isa = PBXFileReference; lastKnownFileType = folder.assetcatalog; path = Assets.xcassets; sourceTree = "<group>"; };
		8A7D54542AB5F40C00F85703 /* Base */ = {isa = PBXFileReference; lastKnownFileType = file.storyboard; name = Base; path = Base.lproj/LaunchScreen.storyboard; sourceTree = "<group>"; };
		8A7D54562AB5F40C00F85703 /* Info.plist */ = {isa = PBXFileReference; lastKnownFileType = text.plist.xml; path = Info.plist; sourceTree = "<group>"; };
		8AB96E172AB62B07009E4089 /* VideoCacheManager.swift */ = {isa = PBXFileReference; lastKnownFileType = sourcecode.swift; path = VideoCacheManager.swift; sourceTree = "<group>"; };
		8AB96E192AB62B2F009E4089 /* URLSessionVideoCacheManager.swift */ = {isa = PBXFileReference; lastKnownFileType = sourcecode.swift; path = URLSessionVideoCacheManager.swift; sourceTree = "<group>"; };
		8AB96E1B2AB62C23009E4089 /* Router.swift */ = {isa = PBXFileReference; lastKnownFileType = sourcecode.swift; path = Router.swift; sourceTree = "<group>"; };
		8AB96E1D2AB62C41009E4089 /* DeepLinkRouter.swift */ = {isa = PBXFileReference; lastKnownFileType = sourcecode.swift; path = DeepLinkRouter.swift; sourceTree = "<group>"; };
		8AB96E1F2AB62C5B009E4089 /* DeepLinkManagerImpl.swift */ = {isa = PBXFileReference; lastKnownFileType = sourcecode.swift; path = DeepLinkManagerImpl.swift; sourceTree = "<group>"; };
		8AB96E212AB62C7A009E4089 /* URL+Extension.swift */ = {isa = PBXFileReference; lastKnownFileType = sourcecode.swift; path = "URL+Extension.swift"; sourceTree = "<group>"; };
		8AB96E272AB62D8A009E4089 /* DeepLinkManagerProtocol.swift */ = {isa = PBXFileReference; lastKnownFileType = sourcecode.swift; path = DeepLinkManagerProtocol.swift; sourceTree = "<group>"; };
		8AB96E292AB62E8D009E4089 /* FileError.swift */ = {isa = PBXFileReference; lastKnownFileType = sourcecode.swift; path = FileError.swift; sourceTree = "<group>"; };
/* End PBXFileReference section */

/* Begin PBXFrameworksBuildPhase section */
		8A7D54422AB5F40C00F85703 /* Frameworks */ = {
			isa = PBXFrameworksBuildPhase;
			buildActionMask = 2147483647;
			files = (
			);
			runOnlyForDeploymentPostprocessing = 0;
		};
/* End PBXFrameworksBuildPhase section */

/* Begin PBXGroup section */
		8A6E71D12AB6E3F100E1A659 /* FileStoreManager */ = {
			isa = PBXGroup;
			children = (
				8A6E71CD2AB6E3B500E1A659 /* FileStoreManager.swift */,
				8A6E71CF2AB6E3E300E1A659 /* DefaultFileStoreManager.swift */,
			);
			path = FileStoreManager;
			sourceTree = "<group>";
		};
		8A7D543C2AB5F40C00F85703 = {
			isa = PBXGroup;
			children = (
				8A7D54472AB5F40C00F85703 /* SampleTestApp */,
				8A7D54462AB5F40C00F85703 /* Products */,
			);
			sourceTree = "<group>";
		};
		8A7D54462AB5F40C00F85703 /* Products */ = {
			isa = PBXGroup;
			children = (
				8A7D54452AB5F40C00F85703 /* SampleTestApp.app */,
			);
			name = Products;
			sourceTree = "<group>";
		};
		8A7D54472AB5F40C00F85703 /* SampleTestApp */ = {
			isa = PBXGroup;
			children = (
				8A7D54482AB5F40C00F85703 /* AppDelegate.swift */,
				8A7D544A2AB5F40C00F85703 /* SceneDelegate.swift */,
				8A7D544C2AB5F40C00F85703 /* ViewController.swift */,
				8AB96E242AB62D28009E4089 /* DeepLinkManager */,
				8AB96E262AB62D57009E4089 /* VideoCacheManager */,
				8A6E71D12AB6E3F100E1A659 /* FileStoreManager */,
				8AB96E252AB62D35009E4089 /* Router */,
				8AB96E232AB62D1D009E4089 /* URL */,
				8AB96E2B2AB62E9C009E4089 /* Errors */,
				8A7D544E2AB5F40C00F85703 /* Main.storyboard */,
				8A7D54512AB5F40C00F85703 /* Assets.xcassets */,
				8A7D54532AB5F40C00F85703 /* LaunchScreen.storyboard */,
				8A7D54562AB5F40C00F85703 /* Info.plist */,
			);
			path = SampleTestApp;
			sourceTree = "<group>";
		};
		8AB96E232AB62D1D009E4089 /* URL */ = {
			isa = PBXGroup;
			children = (
				8AB96E212AB62C7A009E4089 /* URL+Extension.swift */,
			);
			path = URL;
			sourceTree = "<group>";
		};
		8AB96E242AB62D28009E4089 /* DeepLinkManager */ = {
			isa = PBXGroup;
			children = (
				8AB96E272AB62D8A009E4089 /* DeepLinkManagerProtocol.swift */,
				8AB96E1F2AB62C5B009E4089 /* DeepLinkManagerImpl.swift */,
			);
			path = DeepLinkManager;
			sourceTree = "<group>";
		};
		8AB96E252AB62D35009E4089 /* Router */ = {
			isa = PBXGroup;
			children = (
				8AB96E1B2AB62C23009E4089 /* Router.swift */,
				8AB96E1D2AB62C41009E4089 /* DeepLinkRouter.swift */,
			);
			path = Router;
			sourceTree = "<group>";
		};
		8AB96E262AB62D57009E4089 /* VideoCacheManager */ = {
			isa = PBXGroup;
			children = (
				8AB96E172AB62B07009E4089 /* VideoCacheManager.swift */,
				8AB96E192AB62B2F009E4089 /* URLSessionVideoCacheManager.swift */,
			);
			path = VideoCacheManager;
			sourceTree = "<group>";
		};
		8AB96E2B2AB62E9C009E4089 /* Errors */ = {
			isa = PBXGroup;
			children = (
				8AB96E292AB62E8D009E4089 /* FileError.swift */,
			);
			path = Errors;
			sourceTree = "<group>";
		};
/* End PBXGroup section */

/* Begin PBXNativeTarget section */
		8A7D54442AB5F40C00F85703 /* SampleTestApp */ = {
			isa = PBXNativeTarget;
			buildConfigurationList = 8A7D54592AB5F40C00F85703 /* Build configuration list for PBXNativeTarget "SampleTestApp" */;
			buildPhases = (
				8A7D54412AB5F40C00F85703 /* Sources */,
				8A7D54422AB5F40C00F85703 /* Frameworks */,
				8A7D54432AB5F40C00F85703 /* Resources */,
			);
			buildRules = (
			);
			dependencies = (
			);
			name = SampleTestApp;
			productName = SampleTestApp;
			productReference = 8A7D54452AB5F40C00F85703 /* SampleTestApp.app */;
			productType = "com.apple.product-type.application";
		};
/* End PBXNativeTarget section */

/* Begin PBXProject section */
		8A7D543D2AB5F40C00F85703 /* Project object */ = {
			isa = PBXProject;
			attributes = {
				BuildIndependentTargetsInParallel = 1;
				LastSwiftUpdateCheck = 1430;
				LastUpgradeCheck = 1430;
				TargetAttributes = {
					8A7D54442AB5F40C00F85703 = {
						CreatedOnToolsVersion = 14.3.1;
					};
				};
			};
			buildConfigurationList = 8A7D54402AB5F40C00F85703 /* Build configuration list for PBXProject "SampleTestApp" */;
			compatibilityVersion = "Xcode 14.0";
			developmentRegion = en;
			hasScannedForEncodings = 0;
			knownRegions = (
				en,
				Base,
			);
			mainGroup = 8A7D543C2AB5F40C00F85703;
			productRefGroup = 8A7D54462AB5F40C00F85703 /* Products */;
			projectDirPath = "";
			projectRoot = "";
			targets = (
				8A7D54442AB5F40C00F85703 /* SampleTestApp */,
			);
		};
/* End PBXProject section */

/* Begin PBXResourcesBuildPhase section */
		8A7D54432AB5F40C00F85703 /* Resources */ = {
			isa = PBXResourcesBuildPhase;
			buildActionMask = 2147483647;
			files = (
				8A7D54552AB5F40C00F85703 /* LaunchScreen.storyboard in Resources */,
				8A7D54522AB5F40C00F85703 /* Assets.xcassets in Resources */,
				8A7D54502AB5F40C00F85703 /* Main.storyboard in Resources */,
			);
			runOnlyForDeploymentPostprocessing = 0;
		};
/* End PBXResourcesBuildPhase section */

/* Begin PBXSourcesBuildPhase section */
		8A7D54412AB5F40C00F85703 /* Sources */ = {
			isa = PBXSourcesBuildPhase;
			buildActionMask = 2147483647;
			files = (
				8AB96E182AB62B07009E4089 /* VideoCacheManager.swift in Sources */,
				8AB96E1E2AB62C41009E4089 /* DeepLinkRouter.swift in Sources */,
				8A7D544D2AB5F40C00F85703 /* ViewController.swift in Sources */,
				8A7D54492AB5F40C00F85703 /* AppDelegate.swift in Sources */,
				8A6E71D02AB6E3E300E1A659 /* DefaultFileStoreManager.swift in Sources */,
				8A7D544B2AB5F40C00F85703 /* SceneDelegate.swift in Sources */,
				8AB96E2A2AB62E8D009E4089 /* FileError.swift in Sources */,
				8AB96E282AB62D8A009E4089 /* DeepLinkManagerProtocol.swift in Sources */,
				8AB96E222AB62C7A009E4089 /* URL+Extension.swift in Sources */,
				8AB96E1C2AB62C23009E4089 /* Router.swift in Sources */,
				8A6E71CE2AB6E3B500E1A659 /* FileStoreManager.swift in Sources */,
				8AB96E1A2AB62B2F009E4089 /* URLSessionVideoCacheManager.swift in Sources */,
				8AB96E202AB62C5B009E4089 /* DeepLinkManagerImpl.swift in Sources */,
			);
			runOnlyForDeploymentPostprocessing = 0;
		};
/* End PBXSourcesBuildPhase section */

/* Begin PBXVariantGroup section */
		8A7D544E2AB5F40C00F85703 /* Main.storyboard */ = {
			isa = PBXVariantGroup;
			children = (
				8A7D544F2AB5F40C00F85703 /* Base */,
			);
			name = Main.storyboard;
			sourceTree = "<group>";
		};
		8A7D54532AB5F40C00F85703 /* LaunchScreen.storyboard */ = {
			isa = PBXVariantGroup;
			children = (
				8A7D54542AB5F40C00F85703 /* Base */,
			);
			name = LaunchScreen.storyboard;
			sourceTree = "<group>";
		};
/* End PBXVariantGroup section */

/* Begin XCBuildConfiguration section */
		8A7D54572AB5F40C00F85703 /* Debug */ = {
			isa = XCBuildConfiguration;
			buildSettings = {
				ALWAYS_SEARCH_USER_PATHS = NO;
				CLANG_ANALYZER_NONNULL = YES;
				CLANG_ANALYZER_NUMBER_OBJECT_CONVERSION = YES_AGGRESSIVE;
				CLANG_CXX_LANGUAGE_STANDARD = "gnu++20";
				CLANG_ENABLE_MODULES = YES;
				CLANG_ENABLE_OBJC_ARC = YES;
				CLANG_ENABLE_OBJC_WEAK = YES;
				CLANG_WARN_BLOCK_CAPTURE_AUTORELEASING = YES;
				CLANG_WARN_BOOL_CONVERSION = YES;
				CLANG_WARN_COMMA = YES;
				CLANG_WARN_CONSTANT_CONVERSION = YES;
				CLANG_WARN_DEPRECATED_OBJC_IMPLEMENTATIONS = YES;
				CLANG_WARN_DIRECT_OBJC_ISA_USAGE = YES_ERROR;
				CLANG_WARN_DOCUMENTATION_COMMENTS = YES;
				CLANG_WARN_EMPTY_BODY = YES;
				CLANG_WARN_ENUM_CONVERSION = YES;
				CLANG_WARN_INFINITE_RECURSION = YES;
				CLANG_WARN_INT_CONVERSION = YES;
				CLANG_WARN_NON_LITERAL_NULL_CONVERSION = YES;
				CLANG_WARN_OBJC_IMPLICIT_RETAIN_SELF = YES;
				CLANG_WARN_OBJC_LITERAL_CONVERSION = YES;
				CLANG_WARN_OBJC_ROOT_CLASS = YES_ERROR;
				CLANG_WARN_QUOTED_INCLUDE_IN_FRAMEWORK_HEADER = YES;
				CLANG_WARN_RANGE_LOOP_ANALYSIS = YES;
				CLANG_WARN_STRICT_PROTOTYPES = YES;
				CLANG_WARN_SUSPICIOUS_MOVE = YES;
				CLANG_WARN_UNGUARDED_AVAILABILITY = YES_AGGRESSIVE;
				CLANG_WARN_UNREACHABLE_CODE = YES;
				CLANG_WARN__DUPLICATE_METHOD_MATCH = YES;
				COPY_PHASE_STRIP = NO;
				DEBUG_INFORMATION_FORMAT = dwarf;
				ENABLE_STRICT_OBJC_MSGSEND = YES;
				ENABLE_TESTABILITY = YES;
				GCC_C_LANGUAGE_STANDARD = gnu11;
				GCC_DYNAMIC_NO_PIC = NO;
				GCC_NO_COMMON_BLOCKS = YES;
				GCC_OPTIMIZATION_LEVEL = 0;
				GCC_PREPROCESSOR_DEFINITIONS = (
					"DEBUG=1",
					"$(inherited)",
				);
				GCC_WARN_64_TO_32_BIT_CONVERSION = YES;
				GCC_WARN_ABOUT_RETURN_TYPE = YES_ERROR;
				GCC_WARN_UNDECLARED_SELECTOR = YES;
				GCC_WARN_UNINITIALIZED_AUTOS = YES_AGGRESSIVE;
				GCC_WARN_UNUSED_FUNCTION = YES;
				GCC_WARN_UNUSED_VARIABLE = YES;
				IPHONEOS_DEPLOYMENT_TARGET = 16.4;
				MTL_ENABLE_DEBUG_INFO = INCLUDE_SOURCE;
				MTL_FAST_MATH = YES;
				ONLY_ACTIVE_ARCH = YES;
				SDKROOT = iphoneos;
				SWIFT_ACTIVE_COMPILATION_CONDITIONS = DEBUG;
				SWIFT_OPTIMIZATION_LEVEL = "-Onone";
			};
			name = Debug;
		};
		8A7D54582AB5F40C00F85703 /* Release */ = {
			isa = XCBuildConfiguration;
			buildSettings = {
				ALWAYS_SEARCH_USER_PATHS = NO;
				CLANG_ANALYZER_NONNULL = YES;
				CLANG_ANALYZER_NUMBER_OBJECT_CONVERSION = YES_AGGRESSIVE;
				CLANG_CXX_LANGUAGE_STANDARD = "gnu++20";
				CLANG_ENABLE_MODULES = YES;
				CLANG_ENABLE_OBJC_ARC = YES;
				CLANG_ENABLE_OBJC_WEAK = YES;
				CLANG_WARN_BLOCK_CAPTURE_AUTORELEASING = YES;
				CLANG_WARN_BOOL_CONVERSION = YES;
				CLANG_WARN_COMMA = YES;
				CLANG_WARN_CONSTANT_CONVERSION = YES;
				CLANG_WARN_DEPRECATED_OBJC_IMPLEMENTATIONS = YES;
				CLANG_WARN_DIRECT_OBJC_ISA_USAGE = YES_ERROR;
				CLANG_WARN_DOCUMENTATION_COMMENTS = YES;
				CLANG_WARN_EMPTY_BODY = YES;
				CLANG_WARN_ENUM_CONVERSION = YES;
				CLANG_WARN_INFINITE_RECURSION = YES;
				CLANG_WARN_INT_CONVERSION = YES;
				CLANG_WARN_NON_LITERAL_NULL_CONVERSION = YES;
				CLANG_WARN_OBJC_IMPLICIT_RETAIN_SELF = YES;
				CLANG_WARN_OBJC_LITERAL_CONVERSION = YES;
				CLANG_WARN_OBJC_ROOT_CLASS = YES_ERROR;
				CLANG_WARN_QUOTED_INCLUDE_IN_FRAMEWORK_HEADER = YES;
				CLANG_WARN_RANGE_LOOP_ANALYSIS = YES;
				CLANG_WARN_STRICT_PROTOTYPES = YES;
				CLANG_WARN_SUSPICIOUS_MOVE = YES;
				CLANG_WARN_UNGUARDED_AVAILABILITY = YES_AGGRESSIVE;
				CLANG_WARN_UNREACHABLE_CODE = YES;
				CLANG_WARN__DUPLICATE_METHOD_MATCH = YES;
				COPY_PHASE_STRIP = NO;
				DEBUG_INFORMATION_FORMAT = "dwarf-with-dsym";
				ENABLE_NS_ASSERTIONS = NO;
				ENABLE_STRICT_OBJC_MSGSEND = YES;
				GCC_C_LANGUAGE_STANDARD = gnu11;
				GCC_NO_COMMON_BLOCKS = YES;
				GCC_WARN_64_TO_32_BIT_CONVERSION = YES;
				GCC_WARN_ABOUT_RETURN_TYPE = YES_ERROR;
				GCC_WARN_UNDECLARED_SELECTOR = YES;
				GCC_WARN_UNINITIALIZED_AUTOS = YES_AGGRESSIVE;
				GCC_WARN_UNUSED_FUNCTION = YES;
				GCC_WARN_UNUSED_VARIABLE = YES;
				IPHONEOS_DEPLOYMENT_TARGET = 16.4;
				MTL_ENABLE_DEBUG_INFO = NO;
				MTL_FAST_MATH = YES;
				SDKROOT = iphoneos;
				SWIFT_COMPILATION_MODE = wholemodule;
				SWIFT_OPTIMIZATION_LEVEL = "-O";
				VALIDATE_PRODUCT = YES;
			};
			name = Release;
		};
		8A7D545A2AB5F40C00F85703 /* Debug */ = {
			isa = XCBuildConfiguration;
			buildSettings = {
				ASSETCATALOG_COMPILER_APPICON_NAME = AppIcon;
				ASSETCATALOG_COMPILER_GLOBAL_ACCENT_COLOR_NAME = AccentColor;
				CODE_SIGN_STYLE = Automatic;
				CURRENT_PROJECT_VERSION = 1;
				DEVELOPMENT_TEAM = 4V59AS94PE;
				GENERATE_INFOPLIST_FILE = YES;
				INFOPLIST_FILE = SampleTestApp/Info.plist;
				INFOPLIST_KEY_UIApplicationSupportsIndirectInputEvents = YES;
				INFOPLIST_KEY_UILaunchStoryboardName = LaunchScreen;
				INFOPLIST_KEY_UIMainStoryboardFile = Main;
				INFOPLIST_KEY_UISupportedInterfaceOrientations_iPad = "UIInterfaceOrientationPortrait UIInterfaceOrientationPortraitUpsideDown UIInterfaceOrientationLandscapeLeft UIInterfaceOrientationLandscapeRight";
				INFOPLIST_KEY_UISupportedInterfaceOrientations_iPhone = "UIInterfaceOrientationPortrait UIInterfaceOrientationLandscapeLeft UIInterfaceOrientationLandscapeRight";
				LD_RUNPATH_SEARCH_PATHS = (
					"$(inherited)",
					"@executable_path/Frameworks",
				);
				MARKETING_VERSION = 1.0;
				PRODUCT_BUNDLE_IDENTIFIER = com.Xcode.SampleTestApp;
				PRODUCT_NAME = "$(TARGET_NAME)";
				SWIFT_EMIT_LOC_STRINGS = YES;
				SWIFT_VERSION = 5.0;
				TARGETED_DEVICE_FAMILY = "1,2";
			};
			name = Debug;
		};
		8A7D545B2AB5F40C00F85703 /* Release */ = {
			isa = XCBuildConfiguration;
			buildSettings = {
				ASSETCATALOG_COMPILER_APPICON_NAME = AppIcon;
				ASSETCATALOG_COMPILER_GLOBAL_ACCENT_COLOR_NAME = AccentColor;
				CODE_SIGN_STYLE = Automatic;
				CURRENT_PROJECT_VERSION = 1;
				DEVELOPMENT_TEAM = 4V59AS94PE;
				GENERATE_INFOPLIST_FILE = YES;
				INFOPLIST_FILE = SampleTestApp/Info.plist;
				INFOPLIST_KEY_UIApplicationSupportsIndirectInputEvents = YES;
				INFOPLIST_KEY_UILaunchStoryboardName = LaunchScreen;
				INFOPLIST_KEY_UIMainStoryboardFile = Main;
				INFOPLIST_KEY_UISupportedInterfaceOrientations_iPad = "UIInterfaceOrientationPortrait UIInterfaceOrientationPortraitUpsideDown UIInterfaceOrientationLandscapeLeft UIInterfaceOrientationLandscapeRight";
				INFOPLIST_KEY_UISupportedInterfaceOrientations_iPhone = "UIInterfaceOrientationPortrait UIInterfaceOrientationLandscapeLeft UIInterfaceOrientationLandscapeRight";
				LD_RUNPATH_SEARCH_PATHS = (
					"$(inherited)",
					"@executable_path/Frameworks",
				);
				MARKETING_VERSION = 1.0;
				PRODUCT_BUNDLE_IDENTIFIER = com.Xcode.SampleTestApp;
				PRODUCT_NAME = "$(TARGET_NAME)";
				SWIFT_EMIT_LOC_STRINGS = YES;
				SWIFT_VERSION = 5.0;
				TARGETED_DEVICE_FAMILY = "1,2";
			};
			name = Release;
		};
/* End XCBuildConfiguration section */

/* Begin XCConfigurationList section */
		8A7D54402AB5F40C00F85703 /* Build configuration list for PBXProject "SampleTestApp" */ = {
			isa = XCConfigurationList;
			buildConfigurations = (
				8A7D54572AB5F40C00F85703 /* Debug */,
				8A7D54582AB5F40C00F85703 /* Release */,
			);
			defaultConfigurationIsVisible = 0;
			defaultConfigurationName = Release;
		};
		8A7D54592AB5F40C00F85703 /* Build configuration list for PBXNativeTarget "SampleTestApp" */ = {
			isa = XCConfigurationList;
			buildConfigurations = (
				8A7D545A2AB5F40C00F85703 /* Debug */,
				8A7D545B2AB5F40C00F85703 /* Release */,
			);
			defaultConfigurationIsVisible = 0;
			defaultConfigurationName = Release;
		};
/* End XCConfigurationList section */
	};
	rootObject = 8A7D543D2AB5F40C00F85703 /* Project object */;
}
